// !$*UTF8*$!
{
	archiveVersion = 1;
	classes = {
	};
	objectVersion = 56;
	objects = {

/* Begin PBXBuildFile section */
		912D6CB02A524BAF009988A7 /* AppDelegate.swift in Sources */ = {isa = PBXBuildFile; fileRef = 912D6CAF2A524BAF009988A7 /* AppDelegate.swift */; };
		912D6CB22A524BAF009988A7 /* SceneDelegate.swift in Sources */ = {isa = PBXBuildFile; fileRef = 912D6CB12A524BAF009988A7 /* SceneDelegate.swift */; };
		912D6CB72A524BAF009988A7 /* Main.storyboard in Resources */ = {isa = PBXBuildFile; fileRef = 912D6CB52A524BAF009988A7 /* Main.storyboard */; };
		912D6CB92A524BB0009988A7 /* Assets.xcassets in Resources */ = {isa = PBXBuildFile; fileRef = 912D6CB82A524BB0009988A7 /* Assets.xcassets */; };
		912D6CBC2A524BB0009988A7 /* LaunchScreen.storyboard in Resources */ = {isa = PBXBuildFile; fileRef = 912D6CBA2A524BB0009988A7 /* LaunchScreen.storyboard */; };
		912D6CC72A524BB0009988A7 /* ToDoListTests.swift in Sources */ = {isa = PBXBuildFile; fileRef = 912D6CC62A524BB0009988A7 /* ToDoListTests.swift */; };
		912D6CD12A524BB0009988A7 /* ToDoListUITests.swift in Sources */ = {isa = PBXBuildFile; fileRef = 912D6CD02A524BB0009988A7 /* ToDoListUITests.swift */; };
		912D6CD32A524BB0009988A7 /* ToDoListUITestsLaunchTests.swift in Sources */ = {isa = PBXBuildFile; fileRef = 912D6CD22A524BB0009988A7 /* ToDoListUITestsLaunchTests.swift */; };
		912D6CE02A524C9D009988A7 /* TableViewController.swift in Sources */ = {isa = PBXBuildFile; fileRef = 912D6CDF2A524C9D009988A7 /* TableViewController.swift */; };
		912D6CE22A524CF1009988A7 /* Model.swift in Sources */ = {isa = PBXBuildFile; fileRef = 912D6CE12A524CF1009988A7 /* Model.swift */; };
/* End PBXBuildFile section */

/* Begin PBXContainerItemProxy section */
		912D6CC32A524BB0009988A7 /* PBXContainerItemProxy */ = {
			isa = PBXContainerItemProxy;
			containerPortal = 912D6CA42A524BAF009988A7 /* Project object */;
			proxyType = 1;
			remoteGlobalIDString = 912D6CAB2A524BAF009988A7;
			remoteInfo = ToDoList;
		};
		912D6CCD2A524BB0009988A7 /* PBXContainerItemProxy */ = {
			isa = PBXContainerItemProxy;
			containerPortal = 912D6CA42A524BAF009988A7 /* Project object */;
			proxyType = 1;
			remoteGlobalIDString = 912D6CAB2A524BAF009988A7;
			remoteInfo = ToDoList;
		};
/* End PBXContainerItemProxy section */

/* Begin PBXFileReference section */
		912D6CAC2A524BAF009988A7 /* ToDoList.app */ = {isa = PBXFileReference; explicitFileType = wrapper.application; includeInIndex = 0; path = ToDoList.app; sourceTree = BUILT_PRODUCTS_DIR; };
		912D6CAF2A524BAF009988A7 /* AppDelegate.swift */ = {isa = PBXFileReference; lastKnownFileType = sourcecode.swift; path = AppDelegate.swift; sourceTree = "<group>"; };
		912D6CB12A524BAF009988A7 /* SceneDelegate.swift */ = {isa = PBXFileReference; lastKnownFileType = sourcecode.swift; path = SceneDelegate.swift; sourceTree = "<group>"; };
		912D6CB62A524BAF009988A7 /* Base */ = {isa = PBXFileReference; lastKnownFileType = file.storyboard; name = Base; path = Base.lproj/Main.storyboard; sourceTree = "<group>"; };
		912D6CB82A524BB0009988A7 /* Assets.xcassets */ = {isa = PBXFileReference; lastKnownFileType = folder.assetcatalog; name = Assets.xcassets; path = ToDoList/Assets.xcassets; sourceTree = SOURCE_ROOT; };
		912D6CBB2A524BB0009988A7 /* Base */ = {isa = PBXFileReference; lastKnownFileType = file.storyboard; name = Base; path = Base.lproj/LaunchScreen.storyboard; sourceTree = "<group>"; };
		912D6CBD2A524BB0009988A7 /* Info.plist */ = {isa = PBXFileReference; lastKnownFileType = text.plist.xml; path = Info.plist; sourceTree = "<group>"; };
		912D6CC22A524BB0009988A7 /* ToDoListTests.xctest */ = {isa = PBXFileReference; explicitFileType = wrapper.cfbundle; includeInIndex = 0; path = ToDoListTests.xctest; sourceTree = BUILT_PRODUCTS_DIR; };
		912D6CC62A524BB0009988A7 /* ToDoListTests.swift */ = {isa = PBXFileReference; lastKnownFileType = sourcecode.swift; path = ToDoListTests.swift; sourceTree = "<group>"; };
		912D6CCC2A524BB0009988A7 /* ToDoListUITests.xctest */ = {isa = PBXFileReference; explicitFileType = wrapper.cfbundle; includeInIndex = 0; path = ToDoListUITests.xctest; sourceTree = BUILT_PRODUCTS_DIR; };
		912D6CD02A524BB0009988A7 /* ToDoListUITests.swift */ = {isa = PBXFileReference; lastKnownFileType = sourcecode.swift; path = ToDoListUITests.swift; sourceTree = "<group>"; };
		912D6CD22A524BB0009988A7 /* ToDoListUITestsLaunchTests.swift */ = {isa = PBXFileReference; lastKnownFileType = sourcecode.swift; path = ToDoListUITestsLaunchTests.swift; sourceTree = "<group>"; };
		912D6CDF2A524C9D009988A7 /* TableViewController.swift */ = {isa = PBXFileReference; lastKnownFileType = sourcecode.swift; path = TableViewController.swift; sourceTree = "<group>"; };
		912D6CE12A524CF1009988A7 /* Model.swift */ = {isa = PBXFileReference; lastKnownFileType = sourcecode.swift; path = Model.swift; sourceTree = "<group>"; };
/* End PBXFileReference section */

/* Begin PBXFrameworksBuildPhase section */
		912D6CA92A524BAF009988A7 /* Frameworks */ = {
			isa = PBXFrameworksBuildPhase;
			buildActionMask = 2147483647;
			files = (
			);
			runOnlyForDeploymentPostprocessing = 0;
		};
		912D6CBF2A524BB0009988A7 /* Frameworks */ = {
			isa = PBXFrameworksBuildPhase;
			buildActionMask = 2147483647;
			files = (
			);
			runOnlyForDeploymentPostprocessing = 0;
		};
		912D6CC92A524BB0009988A7 /* Frameworks */ = {
			isa = PBXFrameworksBuildPhase;
			buildActionMask = 2147483647;
			files = (
			);
			runOnlyForDeploymentPostprocessing = 0;
		};
/* End PBXFrameworksBuildPhase section */

/* Begin PBXGroup section */
		912D6CA32A524BAF009988A7 = {
			isa = PBXGroup;
			children = (
				912D6CAE2A524BAF009988A7 /* ToDoList */,
				912D6CC52A524BB0009988A7 /* ToDoListTests */,
				912D6CCF2A524BB0009988A7 /* ToDoListUITests */,
				912D6CAD2A524BAF009988A7 /* Products */,
			);
			sourceTree = "<group>";
		};
		912D6CAD2A524BAF009988A7 /* Products */ = {
			isa = PBXGroup;
			children = (
				912D6CAC2A524BAF009988A7 /* ToDoList.app */,
				912D6CC22A524BB0009988A7 /* ToDoListTests.xctest */,
				912D6CCC2A524BB0009988A7 /* ToDoListUITests.xctest */,
			);
			name = Products;
			sourceTree = "<group>";
		};
		912D6CAE2A524BAF009988A7 /* ToDoList */ = {
			isa = PBXGroup;
			children = (
				912D6CAF2A524BAF009988A7 /* AppDelegate.swift */,
				912D6CB12A524BAF009988A7 /* SceneDelegate.swift */,
				912D6CE12A524CF1009988A7 /* Model.swift */,
				912D6CDF2A524C9D009988A7 /* TableViewController.swift */,
				912D6CB52A524BAF009988A7 /* Main.storyboard */,
				912D6CB82A524BB0009988A7 /* Assets.xcassets */,
				912D6CBA2A524BB0009988A7 /* LaunchScreen.storyboard */,
				912D6CBD2A524BB0009988A7 /* Info.plist */,
			);
			path = ToDoList;
			sourceTree = "<group>";
		};
		912D6CC52A524BB0009988A7 /* ToDoListTests */ = {
			isa = PBXGroup;
			children = (
				912D6CC62A524BB0009988A7 /* ToDoListTests.swift */,
			);
			path = ToDoListTests;
			sourceTree = "<group>";
		};
		912D6CCF2A524BB0009988A7 /* ToDoListUITests */ = {
			isa = PBXGroup;
			children = (
				912D6CD02A524BB0009988A7 /* ToDoListUITests.swift */,
				912D6CD22A524BB0009988A7 /* ToDoListUITestsLaunchTests.swift */,
			);
			path = ToDoListUITests;
			sourceTree = "<group>";
		};
/* End PBXGroup section */

/* Begin PBXNativeTarget section */
		912D6CAB2A524BAF009988A7 /* ToDoList */ = {
			isa = PBXNativeTarget;
			buildConfigurationList = 912D6CD62A524BB0009988A7 /* Build configuration list for PBXNativeTarget "ToDoList" */;
			buildPhases = (
				912D6CA82A524BAF009988A7 /* Sources */,
				912D6CA92A524BAF009988A7 /* Frameworks */,
				912D6CAA2A524BAF009988A7 /* Resources */,
			);
			buildRules = (
			);
			dependencies = (
			);
			name = ToDoList;
			productName = ToDoList;
			productReference = 912D6CAC2A524BAF009988A7 /* ToDoList.app */;
			productType = "com.apple.product-type.application";
		};
		912D6CC12A524BB0009988A7 /* ToDoListTests */ = {
			isa = PBXNativeTarget;
			buildConfigurationList = 912D6CD92A524BB0009988A7 /* Build configuration list for PBXNativeTarget "ToDoListTests" */;
			buildPhases = (
				912D6CBE2A524BB0009988A7 /* Sources */,
				912D6CBF2A524BB0009988A7 /* Frameworks */,
				912D6CC02A524BB0009988A7 /* Resources */,
			);
			buildRules = (
			);
			dependencies = (
				912D6CC42A524BB0009988A7 /* PBXTargetDependency */,
			);
			name = ToDoListTests;
			productName = ToDoListTests;
			productReference = 912D6CC22A524BB0009988A7 /* ToDoListTests.xctest */;
			productType = "com.apple.product-type.bundle.unit-test";
		};
		912D6CCB2A524BB0009988A7 /* ToDoListUITests */ = {
			isa = PBXNativeTarget;
			buildConfigurationList = 912D6CDC2A524BB0009988A7 /* Build configuration list for PBXNativeTarget "ToDoListUITests" */;
			buildPhases = (
				912D6CC82A524BB0009988A7 /* Sources */,
				912D6CC92A524BB0009988A7 /* Frameworks */,
				912D6CCA2A524BB0009988A7 /* Resources */,
			);
			buildRules = (
			);
			dependencies = (
				912D6CCE2A524BB0009988A7 /* PBXTargetDependency */,
			);
			name = ToDoListUITests;
			productName = ToDoListUITests;
			productReference = 912D6CCC2A524BB0009988A7 /* ToDoListUITests.xctest */;
			productType = "com.apple.product-type.bundle.ui-testing";
		};
/* End PBXNativeTarget section */

/* Begin PBXProject section */
		912D6CA42A524BAF009988A7 /* Project object */ = {
			isa = PBXProject;
			attributes = {
				BuildIndependentTargetsInParallel = 1;
				LastSwiftUpdateCheck = 1430;
				LastUpgradeCheck = 1430;
				TargetAttributes = {
					912D6CAB2A524BAF009988A7 = {
						CreatedOnToolsVersion = 14.3.1;
					};
					912D6CC12A524BB0009988A7 = {
						CreatedOnToolsVersion = 14.3.1;
						TestTargetID = 912D6CAB2A524BAF009988A7;
					};
					912D6CCB2A524BB0009988A7 = {
						CreatedOnToolsVersion = 14.3.1;
						TestTargetID = 912D6CAB2A524BAF009988A7;
					};
				};
			};
			buildConfigurationList = 912D6CA72A524BAF009988A7 /* Build configuration list for PBXProject "ToDoList" */;
			compatibilityVersion = "Xcode 14.0";
			developmentRegion = en;
			hasScannedForEncodings = 0;
			knownRegions = (
				en,
				Base,
			);
			mainGroup = 912D6CA32A524BAF009988A7;
			productRefGroup = 912D6CAD2A524BAF009988A7 /* Products */;
			projectDirPath = "";
			projectRoot = "";
			targets = (
				912D6CAB2A524BAF009988A7 /* ToDoList */,
				912D6CC12A524BB0009988A7 /* ToDoListTests */,
				912D6CCB2A524BB0009988A7 /* ToDoListUITests */,
			);
		};
/* End PBXProject section */

/* Begin PBXResourcesBuildPhase section */
		912D6CAA2A524BAF009988A7 /* Resources */ = {
			isa = PBXResourcesBuildPhase;
			buildActionMask = 2147483647;
			files = (
				912D6CBC2A524BB0009988A7 /* LaunchScreen.storyboard in Resources */,
				912D6CB92A524BB0009988A7 /* Assets.xcassets in Resources */,
				912D6CB72A524BAF009988A7 /* Main.storyboard in Resources */,
			);
			runOnlyForDeploymentPostprocessing = 0;
		};
		912D6CC02A524BB0009988A7 /* Resources */ = {
			isa = PBXResourcesBuildPhase;
			buildActionMask = 2147483647;
			files = (
			);
			runOnlyForDeploymentPostprocessing = 0;
		};
		912D6CCA2A524BB0009988A7 /* Resources */ = {
			isa = PBXResourcesBuildPhase;
			buildActionMask = 2147483647;
			files = (
			);
			runOnlyForDeploymentPostprocessing = 0;
		};
/* End PBXResourcesBuildPhase section */

/* Begin PBXSourcesBuildPhase section */
		912D6CA82A524BAF009988A7 /* Sources */ = {
			isa = PBXSourcesBuildPhase;
			buildActionMask = 2147483647;
			files = (
				912D6CB02A524BAF009988A7 /* AppDelegate.swift in Sources */,
				912D6CE02A524C9D009988A7 /* TableViewController.swift in Sources */,
				912D6CB22A524BAF009988A7 /* SceneDelegate.swift in Sources */,
				912D6CE22A524CF1009988A7 /* Model.swift in Sources */,
			);
			runOnlyForDeploymentPostprocessing = 0;
		};
		912D6CBE2A524BB0009988A7 /* Sources */ = {
			isa = PBXSourcesBuildPhase;
			buildActionMask = 2147483647;
			files = (
				912D6CC72A524BB0009988A7 /* ToDoListTests.swift in Sources */,
			);
			runOnlyForDeploymentPostprocessing = 0;
		};
		912D6CC82A524BB0009988A7 /* Sources */ = {
			isa = PBXSourcesBuildPhase;
			buildActionMask = 2147483647;
			files = (
				912D6CD32A524BB0009988A7 /* ToDoListUITestsLaunchTests.swift in Sources */,
				912D6CD12A524BB0009988A7 /* ToDoListUITests.swift in Sources */,
			);
			runOnlyForDeploymentPostprocessing = 0;
		};
/* End PBXSourcesBuildPhase section */

/* Begin PBXTargetDependency section */
		912D6CC42A524BB0009988A7 /* PBXTargetDependency */ = {
			isa = PBXTargetDependency;
			target = 912D6CAB2A524BAF009988A7 /* ToDoList */;
			targetProxy = 912D6CC32A524BB0009988A7 /* PBXContainerItemProxy */;
		};
		912D6CCE2A524BB0009988A7 /* PBXTargetDependency */ = {
			isa = PBXTargetDependency;
			target = 912D6CAB2A524BAF009988A7 /* ToDoList */;
			targetProxy = 912D6CCD2A524BB0009988A7 /* PBXContainerItemProxy */;
		};
/* End PBXTargetDependency section */

/* Begin PBXVariantGroup section */
		912D6CB52A524BAF009988A7 /* Main.storyboard */ = {
			isa = PBXVariantGroup;
			children = (
				912D6CB62A524BAF009988A7 /* Base */,
			);
			name = Main.storyboard;
			sourceTree = "<group>";
		};
		912D6CBA2A524BB0009988A7 /* LaunchScreen.storyboard */ = {
			isa = PBXVariantGroup;
			children = (
				912D6CBB2A524BB0009988A7 /* Base */,
			);
			name = LaunchScreen.storyboard;
			sourceTree = "<group>";
		};
/* End PBXVariantGroup section */

/* Begin XCBuildConfiguration section */
		912D6CD42A524BB0009988A7 /* Debug */ = {
			isa = XCBuildConfiguration;
			buildSettings = {
				ALWAYS_SEARCH_USER_PATHS = NO;
				CLANG_ANALYZER_NONNULL = YES;
				CLANG_ANALYZER_NUMBER_OBJECT_CONVERSION = YES_AGGRESSIVE;
				CLANG_CXX_LANGUAGE_STANDARD = "gnu++20";
				CLANG_ENABLE_MODULES = YES;
				CLANG_ENABLE_OBJC_ARC = YES;
				CLANG_ENABLE_OBJC_WEAK = YES;
				CLANG_WARN_BLOCK_CAPTURE_AUTORELEASING = YES;
				CLANG_WARN_BOOL_CONVERSION = YES;
				CLANG_WARN_COMMA = YES;
				CLANG_WARN_CONSTANT_CONVERSION = YES;
				CLANG_WARN_DEPRECATED_OBJC_IMPLEMENTATIONS = YES;
				CLANG_WARN_DIRECT_OBJC_ISA_USAGE = YES_ERROR;
				CLANG_WARN_DOCUMENTATION_COMMENTS = YES;
				CLANG_WARN_EMPTY_BODY = YES;
				CLANG_WARN_ENUM_CONVERSION = YES;
				CLANG_WARN_INFINITE_RECURSION = YES;
				CLANG_WARN_INT_CONVERSION = YES;
				CLANG_WARN_NON_LITERAL_NULL_CONVERSION = YES;
				CLANG_WARN_OBJC_IMPLICIT_RETAIN_SELF = YES;
				CLANG_WARN_OBJC_LITERAL_CONVERSION = YES;
				CLANG_WARN_OBJC_ROOT_CLASS = YES_ERROR;
				CLANG_WARN_QUOTED_INCLUDE_IN_FRAMEWORK_HEADER = YES;
				CLANG_WARN_RANGE_LOOP_ANALYSIS = YES;
				CLANG_WARN_STRICT_PROTOTYPES = YES;
				CLANG_WARN_SUSPICIOUS_MOVE = YES;
				CLANG_WARN_UNGUARDED_AVAILABILITY = YES_AGGRESSIVE;
				CLANG_WARN_UNREACHABLE_CODE = YES;
				CLANG_WARN__DUPLICATE_METHOD_MATCH = YES;
				COPY_PHASE_STRIP = NO;
				DEBUG_INFORMATION_FORMAT = dwarf;
				ENABLE_STRICT_OBJC_MSGSEND = YES;
				ENABLE_TESTABILITY = YES;
				GCC_C_LANGUAGE_STANDARD = gnu11;
				GCC_DYNAMIC_NO_PIC = NO;
				GCC_NO_COMMON_BLOCKS = YES;
				GCC_OPTIMIZATION_LEVEL = 0;
				GCC_PREPROCESSOR_DEFINITIONS = (
					"DEBUG=1",
					"$(inherited)",
				);
				GCC_WARN_64_TO_32_BIT_CONVERSION = YES;
				GCC_WARN_ABOUT_RETURN_TYPE = YES_ERROR;
				GCC_WARN_UNDECLARED_SELECTOR = YES;
				GCC_WARN_UNINITIALIZED_AUTOS = YES_AGGRESSIVE;
				GCC_WARN_UNUSED_FUNCTION = YES;
				GCC_WARN_UNUSED_VARIABLE = YES;
				IPHONEOS_DEPLOYMENT_TARGET = 16.4;
				MTL_ENABLE_DEBUG_INFO = INCLUDE_SOURCE;
				MTL_FAST_MATH = YES;
				ONLY_ACTIVE_ARCH = YES;
				SDKROOT = iphoneos;
				SWIFT_ACTIVE_COMPILATION_CONDITIONS = DEBUG;
				SWIFT_OPTIMIZATION_LEVEL = "-Onone";
			};
			name = Debug;
		};
		912D6CD52A524BB0009988A7 /* Release */ = {
			isa = XCBuildConfiguration;
			buildSettings = {
				ALWAYS_SEARCH_USER_PATHS = NO;
				CLANG_ANALYZER_NONNULL = YES;
				CLANG_ANALYZER_NUMBER_OBJECT_CONVERSION = YES_AGGRESSIVE;
				CLANG_CXX_LANGUAGE_STANDARD = "gnu++20";
				CLANG_ENABLE_MODULES = YES;
				CLANG_ENABLE_OBJC_ARC = YES;
				CLANG_ENABLE_OBJC_WEAK = YES;
				CLANG_WARN_BLOCK_CAPTURE_AUTORELEASING = YES;
				CLANG_WARN_BOOL_CONVERSION = YES;
				CLANG_WARN_COMMA = YES;
				CLANG_WARN_CONSTANT_CONVERSION = YES;
				CLANG_WARN_DEPRECATED_OBJC_IMPLEMENTATIONS = YES;
				CLANG_WARN_DIRECT_OBJC_ISA_USAGE = YES_ERROR;
				CLANG_WARN_DOCUMENTATION_COMMENTS = YES;
				CLANG_WARN_EMPTY_BODY = YES;
				CLANG_WARN_ENUM_CONVERSION = YES;
				CLANG_WARN_INFINITE_RECURSION = YES;
				CLANG_WARN_INT_CONVERSION = YES;
				CLANG_WARN_NON_LITERAL_NULL_CONVERSION = YES;
				CLANG_WARN_OBJC_IMPLICIT_RETAIN_SELF = YES;
				CLANG_WARN_OBJC_LITERAL_CONVERSION = YES;
				CLANG_WARN_OBJC_ROOT_CLASS = YES_ERROR;
				CLANG_WARN_QUOTED_INCLUDE_IN_FRAMEWORK_HEADER = YES;
				CLANG_WARN_RANGE_LOOP_ANALYSIS = YES;
				CLANG_WARN_STRICT_PROTOTYPES = YES;
				CLANG_WARN_SUSPICIOUS_MOVE = YES;
				CLANG_WARN_UNGUARDED_AVAILABILITY = YES_AGGRESSIVE;
				CLANG_WARN_UNREACHABLE_CODE = YES;
				CLANG_WARN__DUPLICATE_METHOD_MATCH = YES;
				COPY_PHASE_STRIP = NO;
				DEBUG_INFORMATION_FORMAT = "dwarf-with-dsym";
				ENABLE_NS_ASSERTIONS = NO;
				ENABLE_STRICT_OBJC_MSGSEND = YES;
				GCC_C_LANGUAGE_STANDARD = gnu11;
				GCC_NO_COMMON_BLOCKS = YES;
				GCC_WARN_64_TO_32_BIT_CONVERSION = YES;
				GCC_WARN_ABOUT_RETURN_TYPE = YES_ERROR;
				GCC_WARN_UNDECLARED_SELECTOR = YES;
				GCC_WARN_UNINITIALIZED_AUTOS = YES_AGGRESSIVE;
				GCC_WARN_UNUSED_FUNCTION = YES;
				GCC_WARN_UNUSED_VARIABLE = YES;
				IPHONEOS_DEPLOYMENT_TARGET = 16.4;
				MTL_ENABLE_DEBUG_INFO = NO;
				MTL_FAST_MATH = YES;
				SDKROOT = iphoneos;
				SWIFT_COMPILATION_MODE = wholemodule;
				SWIFT_OPTIMIZATION_LEVEL = "-O";
				VALIDATE_PRODUCT = YES;
			};
			name = Release;
		};
		912D6CD72A524BB0009988A7 /* Debug */ = {
			isa = XCBuildConfiguration;
			buildSettings = {
				ASSETCATALOG_COMPILER_APPICON_NAME = AppIcon;
				ASSETCATALOG_COMPILER_GLOBAL_ACCENT_COLOR_NAME = AccentColor;
				CODE_SIGN_STYLE = Automatic;
				CURRENT_PROJECT_VERSION = 1;
				GENERATE_INFOPLIST_FILE = YES;
				INFOPLIST_FILE = ToDoList/Info.plist;
				INFOPLIST_KEY_UIApplicationSupportsIndirectInputEvents = YES;
				INFOPLIST_KEY_UILaunchStoryboardName = LaunchScreen.storyboard;
				INFOPLIST_KEY_UIMainStoryboardFile = Main;
				INFOPLIST_KEY_UISupportedInterfaceOrientations_iPad = "UIInterfaceOrientationPortrait UIInterfaceOrientationPortraitUpsideDown UIInterfaceOrientationLandscapeLeft UIInterfaceOrientationLandscapeRight";
				INFOPLIST_KEY_UISupportedInterfaceOrientations_iPhone = "UIInterfaceOrientationPortrait UIInterfaceOrientationLandscapeLeft UIInterfaceOrientationLandscapeRight";
				LD_RUNPATH_SEARCH_PATHS = (
					"$(inherited)",
					"@executable_path/Frameworks",
				);
				MARKETING_VERSION = 1.0;
				PRODUCT_BUNDLE_IDENTIFIER = com.bzhemba.ToDoList;
				PRODUCT_NAME = "$(TARGET_NAME)";
				SWIFT_EMIT_LOC_STRINGS = YES;
				SWIFT_VERSION = 5.0;
				TARGETED_DEVICE_FAMILY = "1,2";
			};
			name = Debug;
		};
		912D6CD82A524BB0009988A7 /* Release */ = {
			isa = XCBuildConfiguration;
			buildSettings = {
				ASSETCATALOG_COMPILER_APPICON_NAME = AppIcon;
				ASSETCATALOG_COMPILER_GLOBAL_ACCENT_COLOR_NAME = AccentColor;
				CODE_SIGN_STYLE = Automatic;
				CURRENT_PROJECT_VERSION = 1;
				GENERATE_INFOPLIST_FILE = YES;
				INFOPLIST_FILE = ToDoList/Info.plist;
				INFOPLIST_KEY_UIApplicationSupportsIndirectInputEvents = YES;
				INFOPLIST_KEY_UILaunchStoryboardName = LaunchScreen.storyboard;
				INFOPLIST_KEY_UIMainStoryboardFile = Main;
				INFOPLIST_KEY_UISupportedInterfaceOrientations_iPad = "UIInterfaceOrientationPortrait UIInterfaceOrientationPortraitUpsideDown UIInterfaceOrientationLandscapeLeft UIInterfaceOrientationLandscapeRight";
				INFOPLIST_KEY_UISupportedInterfaceOrientations_iPhone = "UIInterfaceOrientationPortrait UIInterfaceOrientationLandscapeLeft UIInterfaceOrientationLandscapeRight";
				LD_RUNPATH_SEARCH_PATHS = (
					"$(inherited)",
					"@executable_path/Frameworks",
				);
				MARKETING_VERSION = 1.0;
				PRODUCT_BUNDLE_IDENTIFIER = com.bzhemba.ToDoList;
				PRODUCT_NAME = "$(TARGET_NAME)";
				SWIFT_EMIT_LOC_STRINGS = YES;
				SWIFT_VERSION = 5.0;
				TARGETED_DEVICE_FAMILY = "1,2";
			};
			name = Release;
		};
		912D6CDA2A524BB0009988A7 /* Debug */ = {
			isa = XCBuildConfiguration;
			buildSettings = {
				ALWAYS_EMBED_SWIFT_STANDARD_LIBRARIES = YES;
				BUNDLE_LOADER = "$(TEST_HOST)";
				CODE_SIGN_STYLE = Automatic;
				CURRENT_PROJECT_VERSION = 1;
				GENERATE_INFOPLIST_FILE = YES;
				IPHONEOS_DEPLOYMENT_TARGET = 16.4;
				MARKETING_VERSION = 1.0;
				PRODUCT_BUNDLE_IDENTIFIER = com.bzhemba.ToDoListTests;
				PRODUCT_NAME = "$(TARGET_NAME)";
				SWIFT_EMIT_LOC_STRINGS = NO;
				SWIFT_VERSION = 5.0;
				TARGETED_DEVICE_FAMILY = "1,2";
				TEST_HOST = "$(BUILT_PRODUCTS_DIR)/ToDoList.app/$(BUNDLE_EXECUTABLE_FOLDER_PATH)/ToDoList";
			};
			name = Debug;
		};
		912D6CDB2A524BB0009988A7 /* Release */ = {
			isa = XCBuildConfiguration;
			buildSettings = {
				ALWAYS_EMBED_SWIFT_STANDARD_LIBRARIES = YES;
				BUNDLE_LOADER = "$(TEST_HOST)";
				CODE_SIGN_STYLE = Automatic;
				CURRENT_PROJECT_VERSION = 1;
				GENERATE_INFOPLIST_FILE = YES;
				IPHONEOS_DEPLOYMENT_TARGET = 16.4;
				MARKETING_VERSION = 1.0;
				PRODUCT_BUNDLE_IDENTIFIER = com.bzhemba.ToDoListTests;
				PRODUCT_NAME = "$(TARGET_NAME)";
				SWIFT_EMIT_LOC_STRINGS = NO;
				SWIFT_VERSION = 5.0;
				TARGETED_DEVICE_FAMILY = "1,2";
				TEST_HOST = "$(BUILT_PRODUCTS_DIR)/ToDoList.app/$(BUNDLE_EXECUTABLE_FOLDER_PATH)/ToDoList";
			};
			name = Release;
		};
		912D6CDD2A524BB0009988A7 /* Debug */ = {
			isa = XCBuildConfiguration;
			buildSettings = {
				ALWAYS_EMBED_SWIFT_STANDARD_LIBRARIES = YES;
				CODE_SIGN_STYLE = Automatic;
				CURRENT_PROJECT_VERSION = 1;
				GENERATE_INFOPLIST_FILE = YES;
				MARKETING_VERSION = 1.0;
				PRODUCT_BUNDLE_IDENTIFIER = com.bzhemba.ToDoListUITests;
				PRODUCT_NAME = "$(TARGET_NAME)";
				SWIFT_EMIT_LOC_STRINGS = NO;
				SWIFT_VERSION = 5.0;
				TARGETED_DEVICE_FAMILY = "1,2";
				TEST_TARGET_NAME = ToDoList;
			};
			name = Debug;
		};
		912D6CDE2A524BB0009988A7 /* Release */ = {
			isa = XCBuildConfiguration;
			buildSettings = {
				ALWAYS_EMBED_SWIFT_STANDARD_LIBRARIES = YES;
				CODE_SIGN_STYLE = Automatic;
				CURRENT_PROJECT_VERSION = 1;
				GENERATE_INFOPLIST_FILE = YES;
				MARKETING_VERSION = 1.0;
				PRODUCT_BUNDLE_IDENTIFIER = com.bzhemba.ToDoListUITests;
				PRODUCT_NAME = "$(TARGET_NAME)";
				SWIFT_EMIT_LOC_STRINGS = NO;
				SWIFT_VERSION = 5.0;
				TARGETED_DEVICE_FAMILY = "1,2";
				TEST_TARGET_NAME = ToDoList;
			};
			name = Release;
		};
/* End XCBuildConfiguration section */

/* Begin XCConfigurationList section */
		912D6CA72A524BAF009988A7 /* Build configuration list for PBXProject "ToDoList" */ = {
			isa = XCConfigurationList;
			buildConfigurations = (
				912D6CD42A524BB0009988A7 /* Debug */,
				912D6CD52A524BB0009988A7 /* Release */,
			);
			defaultConfigurationIsVisible = 0;
			defaultConfigurationName = Release;
		};
		912D6CD62A524BB0009988A7 /* Build configuration list for PBXNativeTarget "ToDoList" */ = {
			isa = XCConfigurationList;
			buildConfigurations = (
				912D6CD72A524BB0009988A7 /* Debug */,
				912D6CD82A524BB0009988A7 /* Release */,
			);
			defaultConfigurationIsVisible = 0;
			defaultConfigurationName = Release;
		};
		912D6CD92A524BB0009988A7 /* Build configuration list for PBXNativeTarget "ToDoListTests" */ = {
			isa = XCConfigurationList;
			buildConfigurations = (
				912D6CDA2A524BB0009988A7 /* Debug */,
				912D6CDB2A524BB0009988A7 /* Release */,
			);
			defaultConfigurationIsVisible = 0;
			defaultConfigurationName = Release;
		};
		912D6CDC2A524BB0009988A7 /* Build configuration list for PBXNativeTarget "ToDoListUITests" */ = {
			isa = XCConfigurationList;
			buildConfigurations = (
				912D6CDD2A524BB0009988A7 /* Debug */,
				912D6CDE2A524BB0009988A7 /* Release */,
			);
			defaultConfigurationIsVisible = 0;
			defaultConfigurationName = Release;
		};
/* End XCConfigurationList section */
	};
	rootObject = 912D6CA42A524BAF009988A7 /* Project object */;
}
